
Microsoft Visual Studio Solution File, Format Version 12.00
# Visual Studio Version 16
VisualStudioVersion = 16.0.29424.173
MinimumVisualStudioVersion = 10.0.40219.1
Project("{FAE04EC0-301F-11D3-BF4B-00C04F79EFBC}") = "Loqueris", "Loqueris\Loqueris.csproj", "{A1864E2B-5B7E-461D-9D10-EBAE85353B64}"
EndProject
Project("{FAE04EC0-301F-11D3-BF4B-00C04F79EFBC}") = "Loqueris.Tests", "Loqueris.Tests\Loqueris.Tests.csproj", "{84C6B217-C286-4F9C-A559-CD75F636B3DD}"
EndProject
Global
	GlobalSection(SolutionConfigurationPlatforms) = preSolution
		Debug|Any CPU = Debug|Any CPU
		Release|Any CPU = Release|Any CPU
	EndGlobalSection
	GlobalSection(ProjectConfigurationPlatforms) = postSolution
		{A1864E2B-5B7E-461D-9D10-EBAE85353B64}.Debug|Any CPU.ActiveCfg = Debug|Any CPU
		{A1864E2B-5B7E-461D-9D10-EBAE85353B64}.Debug|Any CPU.Build.0 = Debug|Any CPU
		{A1864E2B-5B7E-461D-9D10-EBAE85353B64}.Release|Any CPU.ActiveCfg = Release|Any CPU
		{A1864E2B-5B7E-461D-9D10-EBAE85353B64}.Release|Any CPU.Build.0 = Release|Any CPU
		{84C6B217-C286-4F9C-A559-CD75F636B3DD}.Debug|Any CPU.ActiveCfg = Debug|Any CPU
		{84C6B217-C286-4F9C-A559-CD75F636B3DD}.Debug|Any CPU.Build.0 = Debug|Any CPU
		{84C6B217-C286-4F9C-A559-CD75F636B3DD}.Release|Any CPU.ActiveCfg = Release|Any CPU
		{84C6B217-C286-4F9C-A559-CD75F636B3DD}.Release|Any CPU.Build.0 = Release|Any CPU
	EndGlobalSection
	GlobalSection(SolutionProperties) = preSolution
		HideSolutionNode = FALSE
	EndGlobalSection
	GlobalSection(ExtensibilityGlobals) = postSolution
		SolutionGuid = {67A547E6-EDE6-492C-BB4D-DFF655EA8B0C}
	EndGlobalSection
EndGlobal
